{
  "nodes": {
    "flake-skills": {
      "inputs": {
        "nixpkgs": [
          "nixpkgs"
        ]
      },
      "locked": {
        "lastModified": 1779897115,
        "narHash": "sha256-iiBlIdeUtLtlvs9Ep0gWINNP9LSaVUD9Gaqc0uEoGUc=",
        "owner": "nhooey",
        "repo": "flake-skills",
        "rev": "cc436987dbb4a8bd244726df18f5a886f61b3a9c",
        "type": "github"
      },
      "original": {
        "owner": "nhooey",
        "repo": "flake-skills",
        "type": "github"
      }
    },
    "nixpkgs": {
      "locked": {
        "lastModified": 1779560665,
        "narHash": "sha256-tpyBcxPpcQb8ukyNF7DoCwfSY3VPsxHoYwj00Cayv5o=",
        "owner": "NixOS",
        "repo": "nixpkgs",
        "rev": "64c08a7ca051951c8eae34e3e3cb1e202fe36786",
        "type": "github"
      },
      "original": {
        "owner": "NixOS",
        "ref": "nixos-unstable",
        "repo": "nixpkgs",
        "type": "github"
      }
    },
    "root": {
      "inputs": {
        "flake-skills": "flake-skills",
        "nixpkgs": "nixpkgs",
        "skills-nix": "skills-nix"
      }
    },
    "skills-nix": {
      "inputs": {
        "flake-skills": [
          "flake-skills"
        ],
        "nixpkgs": [
          "nixpkgs"
        ]
      },
      "locked": {
        "lastModified": 1779879632,
        "narHash": "sha256-6M+WOVkzWtidi2Zi9pYqygXLKZQDNKWae25GTXId0Y4=",
        "owner": "nhooey",
        "repo": "skills-nix",
        "rev": "d15ad749ae7106eda4bb6892012616867e1222fb",
        "type": "github"
      },
      "original": {
        "owner": "nhooey",
        "repo": "skills-nix",
        "type": "github"
      }
    }
  },
  "root": "root",
  "version": 7
}
