{
  "nodes": {
    "flake-skills": {
      "inputs": {
        "nixpkgs": [
          "nixpkgs"
        ]
      },
      "locked": {
        "lastModified": 1779380349,
        "narHash": "sha256-tIDeK978Vq86f5zNtuvBs4l+XUldJqYZrqZscLNOyK4=",
        "owner": "nhooey",
        "repo": "flake-skills",
        "rev": "0c5e2e1ceddd28c4c93b87d3ad288826ab625c72",
        "type": "github"
      },
      "original": {
        "owner": "nhooey",
        "repo": "flake-skills",
        "type": "github"
      }
    },
    "nixpkgs": {
      "locked": {
        "lastModified": 1778443072,
        "narHash": "sha256-zi7/fsqM/kFdNuED//4WOCUtezGtKKqRNORjMvfwjnA=",
        "owner": "NixOS",
        "repo": "nixpkgs",
        "rev": "da5ad661ba4e5ef59ba743f0d112cbc30e474f32",
        "type": "github"
      },
      "original": {
        "owner": "NixOS",
        "ref": "nixos-unstable",
        "repo": "nixpkgs",
        "type": "github"
      }
    },
    "root": {
      "inputs": {
        "flake-skills": "flake-skills",
        "nixpkgs": "nixpkgs"
      }
    }
  },
  "root": "root",
  "version": 7
}
